
Microsoft Visual Studio Solution File, Format Version 12.00
# Visual Studio Version 17
VisualStudioVersion = 17.14.36109.1 d17.14
MinimumVisualStudioVersion = 10.0.40219.1
Project("{54A90642-561A-4BB1-A94E-469ADEE60C69}") = "envoai_react_test", "Envoai_React_test\envoai_react_test.esproj", "{C2E03716-C34F-361C-72B2-37920647C972}"
EndProject
Global
	GlobalSection(SolutionConfigurationPlatforms) = preSolution
		Debug|Any CPU = Debug|Any CPU
		Release|Any CPU = Release|Any CPU
	EndGlobalSection
	GlobalSection(ProjectConfigurationPlatforms) = postSolution
		{C2E03716-C34F-361C-72B2-37920647C972}.Debug|Any CPU.ActiveCfg = Debug|Any CPU
		{C2E03716-C34F-361C-72B2-37920647C972}.Debug|Any CPU.Build.0 = Debug|Any CPU
		{C2E03716-C34F-361C-72B2-37920647C972}.Debug|Any CPU.Deploy.0 = Debug|Any CPU
		{C2E03716-C34F-361C-72B2-37920647C972}.Release|Any CPU.ActiveCfg = Release|Any CPU
		{C2E03716-C34F-361C-72B2-37920647C972}.Release|Any CPU.Build.0 = Release|Any CPU
		{C2E03716-C34F-361C-72B2-37920647C972}.Release|Any CPU.Deploy.0 = Release|Any CPU
	EndGlobalSection
	GlobalSection(SolutionProperties) = preSolution
		HideSolutionNode = FALSE
	EndGlobalSection
	GlobalSection(ExtensibilityGlobals) = postSolution
		SolutionGuid = {A5959294-F4D9-4C3C-9AF5-4B2D75CE064F}
	EndGlobalSection
EndGlobal
